
Microsoft Visual Studio Solution File, Format Version 12.00
# Visual Studio Version 17
VisualStudioVersion = 17.10.34928.147
MinimumVisualStudioVersion = 10.0.40219.1
Project("{9A19103F-16F7-4668-BE54-9A1E7A4F7556}") = "QuestionCollections", "QuestionCollections\QuestionCollections.csproj", "{B4DE98B6-3F3A-4567-AEC6-5A3D4393531F}"
EndProject
Global
	GlobalSection(SolutionConfigurationPlatforms) = preSolution
		Debug|Any CPU = Debug|Any CPU
		Release|Any CPU = Release|Any CPU
	EndGlobalSection
	GlobalSection(ProjectConfigurationPlatforms) = postSolution
		{B4DE98B6-3F3A-4567-AEC6-5A3D4393531F}.Debug|Any CPU.ActiveCfg = Debug|Any CPU
		{B4DE98B6-3F3A-4567-AEC6-5A3D4393531F}.Debug|Any CPU.Build.0 = Debug|Any CPU
		{B4DE98B6-3F3A-4567-AEC6-5A3D4393531F}.Release|Any CPU.ActiveCfg = Release|Any CPU
		{B4DE98B6-3F3A-4567-AEC6-5A3D4393531F}.Release|Any CPU.Build.0 = Release|Any CPU
	EndGlobalSection
	GlobalSection(SolutionProperties) = preSolution
		HideSolutionNode = FALSE
	EndGlobalSection
	GlobalSection(ExtensibilityGlobals) = postSolution
		SolutionGuid = {85F1B1C3-30BD-4F3D-B982-8C0674B11414}
	EndGlobalSection
EndGlobal
